{
  "originHash" : "74a45d398d66c67576e68b04861ae711a6b82fdc4871d2e1a144d23f62305b9b",
  "pins" : [
    {
      "identity" : "alamofire",
      "kind" : "remoteSourceControl",
      "location" : "https://github.com/Alamofire/Alamofire.git",
      "state" : {
        "revision" : "747c8db8d57b68d5e35275f10c92d55f982adbd4",
        "version" : "4.9.1"
      }
    },
    {
      "identity" : "flightswaggerclient",
      "kind" : "remoteSourceControl",
      "location" : "https://github.com/Lascade-Co/FlightSwaggerClient",
      "state" : {
        "branch" : "main",
        "revision" : "cc0a029c695aae4624dbeae3a7367d6c80ca4630"
      }
    }
  ],
  "version" : 3
}
